
Microsoft Visual Studio Solution File, Format Version 12.00
# Visual Studio 15
VisualStudioVersion = 15.0.28307.705
MinimumVisualStudioVersion = 10.0.40219.1
Project("{151D2E53-A2C4-4D7D-83FE-D05416EBD58E}") = "TailspinToys.AzureResourceTemplate", "TailspinToys.AzureResourceTemplate\TailspinToys.AzureResourceTemplate.deployproj", "{13DD9FE2-C350-42F3-9653-A184C9BCCC15}"
EndProject
Global
	GlobalSection(SolutionConfigurationPlatforms) = preSolution
		Debug|Any CPU = Debug|Any CPU
		Release|Any CPU = Release|Any CPU
	EndGlobalSection
	GlobalSection(ProjectConfigurationPlatforms) = postSolution
		{13DD9FE2-C350-42F3-9653-A184C9BCCC15}.Debug|Any CPU.ActiveCfg = Debug|Any CPU
		{13DD9FE2-C350-42F3-9653-A184C9BCCC15}.Debug|Any CPU.Build.0 = Debug|Any CPU
		{13DD9FE2-C350-42F3-9653-A184C9BCCC15}.Release|Any CPU.ActiveCfg = Release|Any CPU
		{13DD9FE2-C350-42F3-9653-A184C9BCCC15}.Release|Any CPU.Build.0 = Release|Any CPU
	EndGlobalSection
	GlobalSection(SolutionProperties) = preSolution
		HideSolutionNode = FALSE
	EndGlobalSection
	GlobalSection(ExtensibilityGlobals) = postSolution
		SolutionGuid = {AAE57CF7-71E1-456B-805F-E0391E991BD4}
	EndGlobalSection
EndGlobal
